
Microsoft Visual Studio Solution File, Format Version 12.00
# Visual Studio Version 16
VisualStudioVersion = 16.0.29519.181
MinimumVisualStudioVersion = 10.0.40219.1
Project("{F184B08F-C81C-45F6-A57F-5ABD9991F28F}") = "ProPrepCoaching", "ProPrepCoaching\ProPrepCoaching.vbproj", "{638B3807-0279-487A-9D23-6D89046A72C7}"
EndProject
Project("{F184B08F-C81C-45F6-A57F-5ABD9991F28F}") = "ProPrepCoaching.Tests", "ProPrepCoaching.Tests\ProPrepCoaching.Tests.vbproj", "{B870E931-8352-4548-B6D3-19A95D4A64A1}"
EndProject
Global
	GlobalSection(SolutionConfigurationPlatforms) = preSolution
		Debug|Any CPU = Debug|Any CPU
		Release|Any CPU = Release|Any CPU
	EndGlobalSection
	GlobalSection(ProjectConfigurationPlatforms) = postSolution
		{638B3807-0279-487A-9D23-6D89046A72C7}.Debug|Any CPU.ActiveCfg = Debug|Any CPU
		{638B3807-0279-487A-9D23-6D89046A72C7}.Debug|Any CPU.Build.0 = Debug|Any CPU
		{638B3807-0279-487A-9D23-6D89046A72C7}.Release|Any CPU.ActiveCfg = Release|Any CPU
		{638B3807-0279-487A-9D23-6D89046A72C7}.Release|Any CPU.Build.0 = Release|Any CPU
		{B870E931-8352-4548-B6D3-19A95D4A64A1}.Debug|Any CPU.ActiveCfg = Debug|Any CPU
		{B870E931-8352-4548-B6D3-19A95D4A64A1}.Debug|Any CPU.Build.0 = Debug|Any CPU
		{B870E931-8352-4548-B6D3-19A95D4A64A1}.Release|Any CPU.ActiveCfg = Release|Any CPU
		{B870E931-8352-4548-B6D3-19A95D4A64A1}.Release|Any CPU.Build.0 = Release|Any CPU
	EndGlobalSection
	GlobalSection(SolutionProperties) = preSolution
		HideSolutionNode = FALSE
	EndGlobalSection
	GlobalSection(ExtensibilityGlobals) = postSolution
		SolutionGuid = {62480B58-6FEF-4CE2-B343-E04B11B90964}
	EndGlobalSection
EndGlobal
